
Microsoft Visual Studio Solution File, Format Version 12.00
# Visual Studio Version 17
VisualStudioVersion = 17.7.34202.233
MinimumVisualStudioVersion = 10.0.40219.1
Project("{9A19103F-16F7-4668-BE54-9A1E7A4F7556}") = "AS_Assignment", "AS_Assignment.csproj", "{85725439-498B-48D5-A191-A77FD15D2B41}"
EndProject
Global
	GlobalSection(SolutionConfigurationPlatforms) = preSolution
		Debug|Any CPU = Debug|Any CPU
		Release|Any CPU = Release|Any CPU
	EndGlobalSection
	GlobalSection(ProjectConfigurationPlatforms) = postSolution
		{85725439-498B-48D5-A191-A77FD15D2B41}.Debug|Any CPU.ActiveCfg = Debug|Any CPU
		{85725439-498B-48D5-A191-A77FD15D2B41}.Debug|Any CPU.Build.0 = Debug|Any CPU
		{85725439-498B-48D5-A191-A77FD15D2B41}.Release|Any CPU.ActiveCfg = Release|Any CPU
		{85725439-498B-48D5-A191-A77FD15D2B41}.Release|Any CPU.Build.0 = Release|Any CPU
	EndGlobalSection
	GlobalSection(SolutionProperties) = preSolution
		HideSolutionNode = FALSE
	EndGlobalSection
	GlobalSection(ExtensibilityGlobals) = postSolution
		SolutionGuid = {E95422D4-BE99-4E9A-8E08-ED4371239701}
	EndGlobalSection
EndGlobal
